
Microsoft Visual Studio Solution File, Format Version 12.00
# Visual Studio Version 17
VisualStudioVersion = 17.14.36717.8
MinimumVisualStudioVersion = 10.0.40219.1
Project("{9A19103F-16F7-4668-BE54-9A1E7A4F7556}") = "Hardware.Info.Core", "Hardware.Info.Core\Hardware.Info.Core.csproj", "{A3F91D8E-1DF9-471C-9BBE-99A76881A419}"
EndProject
Project("{9A19103F-16F7-4668-BE54-9A1E7A4F7556}") = "Hardware.Info.Test", "Hardware.Info.Test\Hardware.Info.Test.csproj", "{37D3CEB9-DB5B-4424-A033-52F8AB5C8F62}"
EndProject
Project("{9A19103F-16F7-4668-BE54-9A1E7A4F7556}") = "Hardware.Info.Benchmark", "Hardware.Info.Benchmark\Hardware.Info.Benchmark.csproj", "{1E3DFEB6-2E9B-4BA3-B7FF-4AC79D62F014}"
EndProject
Project("{FAE04EC0-301F-11D3-BF4B-00C04F79EFBC}") = "Hardware.Info", "Hardware.Info\Hardware.Info.csproj", "{4660E066-A976-4B9F-8E1D-9950503C4AD5}"
EndProject
Global
	GlobalSection(SolutionConfigurationPlatforms) = preSolution
		Debug|Any CPU = Debug|Any CPU
		Release|Any CPU = Release|Any CPU
	EndGlobalSection
	GlobalSection(ProjectConfigurationPlatforms) = postSolution
		{A3F91D8E-1DF9-471C-9BBE-99A76881A419}.Debug|Any CPU.ActiveCfg = Debug|Any CPU
		{A3F91D8E-1DF9-471C-9BBE-99A76881A419}.Debug|Any CPU.Build.0 = Debug|Any CPU
		{A3F91D8E-1DF9-471C-9BBE-99A76881A419}.Release|Any CPU.ActiveCfg = Release|Any CPU
		{A3F91D8E-1DF9-471C-9BBE-99A76881A419}.Release|Any CPU.Build.0 = Release|Any CPU
		{37D3CEB9-DB5B-4424-A033-52F8AB5C8F62}.Debug|Any CPU.ActiveCfg = Debug|Any CPU
		{37D3CEB9-DB5B-4424-A033-52F8AB5C8F62}.Debug|Any CPU.Build.0 = Debug|Any CPU
		{37D3CEB9-DB5B-4424-A033-52F8AB5C8F62}.Release|Any CPU.ActiveCfg = Release|Any CPU
		{37D3CEB9-DB5B-4424-A033-52F8AB5C8F62}.Release|Any CPU.Build.0 = Release|Any CPU
		{1E3DFEB6-2E9B-4BA3-B7FF-4AC79D62F014}.Debug|Any CPU.ActiveCfg = Debug|Any CPU
		{1E3DFEB6-2E9B-4BA3-B7FF-4AC79D62F014}.Debug|Any CPU.Build.0 = Debug|Any CPU
		{1E3DFEB6-2E9B-4BA3-B7FF-4AC79D62F014}.Release|Any CPU.ActiveCfg = Release|Any CPU
		{1E3DFEB6-2E9B-4BA3-B7FF-4AC79D62F014}.Release|Any CPU.Build.0 = Release|Any CPU
		{4660E066-A976-4B9F-8E1D-9950503C4AD5}.Debug|Any CPU.ActiveCfg = Debug|Any CPU
		{4660E066-A976-4B9F-8E1D-9950503C4AD5}.Debug|Any CPU.Build.0 = Debug|Any CPU
		{4660E066-A976-4B9F-8E1D-9950503C4AD5}.Release|Any CPU.ActiveCfg = Release|Any CPU
		{4660E066-A976-4B9F-8E1D-9950503C4AD5}.Release|Any CPU.Build.0 = Release|Any CPU
	EndGlobalSection
	GlobalSection(SolutionProperties) = preSolution
		HideSolutionNode = FALSE
	EndGlobalSection
	GlobalSection(ExtensibilityGlobals) = postSolution
		SolutionGuid = {01D801CF-2051-49E6-A27E-BE6232BAC90C}
	EndGlobalSection
EndGlobal
